
Microsoft Visual Studio Solution File, Format Version 12.00
# Visual Studio 15
VisualStudioVersion = 15.0.28307.421
MinimumVisualStudioVersion = 10.0.40219.1
Project("{FAE04EC0-301F-11D3-BF4B-00C04F79EFBC}") = "Lab2OOP", "Lab2OOP.csproj", "{BE9150E6-9EFB-4B96-B30F-075B871388BC}"
EndProject
Global
	GlobalSection(SolutionConfigurationPlatforms) = preSolution
		Debug|Any CPU = Debug|Any CPU
		Release|Any CPU = Release|Any CPU
	EndGlobalSection
	GlobalSection(ProjectConfigurationPlatforms) = postSolution
		{BE9150E6-9EFB-4B96-B30F-075B871388BC}.Debug|Any CPU.ActiveCfg = Debug|Any CPU
		{BE9150E6-9EFB-4B96-B30F-075B871388BC}.Debug|Any CPU.Build.0 = Debug|Any CPU
		{BE9150E6-9EFB-4B96-B30F-075B871388BC}.Release|Any CPU.ActiveCfg = Release|Any CPU
		{BE9150E6-9EFB-4B96-B30F-075B871388BC}.Release|Any CPU.Build.0 = Release|Any CPU
	EndGlobalSection
	GlobalSection(SolutionProperties) = preSolution
		HideSolutionNode = FALSE
	EndGlobalSection
	GlobalSection(ExtensibilityGlobals) = postSolution
		SolutionGuid = {6986061F-080F-4E32-9C1E-D9CE0AC6BB53}
	EndGlobalSection
EndGlobal
